{
  "name": "homepage",
  "lockfileVersion": 2,
  "requires": true,
  "packages": {
    "": {
      "dependencies": {
        "jgallery": "^2.2.0"
      }
    },
    "node_modules/jgallery": {
      "version": "2.2.0",
      "resolved": "https://registry.npmjs.org/jgallery/-/jgallery-2.2.0.tgz",
      "integrity": "sha512-MNAaX+u0nmpGMJ/FBygHSp0xoQPSMKEDnjBrASFNvgtU8gAvSsJVZnz9E3V88DAu3pHsxb6lp5DbPKPiU8jlzg=="
    }
  },
  "dependencies": {
    "jgallery": {
      "version": "2.2.0",
      "resolved": "https://registry.npmjs.org/jgallery/-/jgallery-2.2.0.tgz",
      "integrity": "sha512-MNAaX+u0nmpGMJ/FBygHSp0xoQPSMKEDnjBrASFNvgtU8gAvSsJVZnz9E3V88DAu3pHsxb6lp5DbPKPiU8jlzg=="
    }
  }
}
